
Microsoft Visual Studio Solution File, Format Version 12.00
# Visual Studio Version 16
VisualStudioVersion = 16.0.30523.141
MinimumVisualStudioVersion = 10.0.40219.1
Project("{FAE04EC0-301F-11D3-BF4B-00C04F79EFBC}") = "MiAngular", "MiAngular\MiAngular.csproj", "{E2BC7340-35F2-498C-9DBF-9534D74BEB6B}"
EndProject
Global
	GlobalSection(SolutionConfigurationPlatforms) = preSolution
		Debug|Any CPU = Debug|Any CPU
		Release|Any CPU = Release|Any CPU
	EndGlobalSection
	GlobalSection(ProjectConfigurationPlatforms) = postSolution
		{E2BC7340-35F2-498C-9DBF-9534D74BEB6B}.Debug|Any CPU.ActiveCfg = Debug|Any CPU
		{E2BC7340-35F2-498C-9DBF-9534D74BEB6B}.Debug|Any CPU.Build.0 = Debug|Any CPU
		{E2BC7340-35F2-498C-9DBF-9534D74BEB6B}.Release|Any CPU.ActiveCfg = Release|Any CPU
		{E2BC7340-35F2-498C-9DBF-9534D74BEB6B}.Release|Any CPU.Build.0 = Release|Any CPU
	EndGlobalSection
	GlobalSection(SolutionProperties) = preSolution
		HideSolutionNode = FALSE
	EndGlobalSection
	GlobalSection(ExtensibilityGlobals) = postSolution
		SolutionGuid = {C54AE1B8-791D-4451-AE87-E716C2BD97E7}
	EndGlobalSection
EndGlobal
